
Microsoft Visual Studio Solution File, Format Version 12.00
# Visual Studio Version 16
VisualStudioVersion = 25.0.1703.0
MinimumVisualStudioVersion = 10.0.40219.1
Project("{FAE04EC0-301F-11D3-BF4B-00C04F79EFBC}") = "ISStracking", "ISStracking\ISStracking.csproj", "{CCA00301-6E1D-4AFF-899D-08D2B60BDAF9}"
EndProject
Global
	GlobalSection(SolutionConfigurationPlatforms) = preSolution
		Debug|Any CPU = Debug|Any CPU
		Release|Any CPU = Release|Any CPU
	EndGlobalSection
	GlobalSection(ProjectConfigurationPlatforms) = postSolution
		{CCA00301-6E1D-4AFF-899D-08D2B60BDAF9}.Debug|Any CPU.ActiveCfg = Debug|Any CPU
		{CCA00301-6E1D-4AFF-899D-08D2B60BDAF9}.Debug|Any CPU.Build.0 = Debug|Any CPU
		{CCA00301-6E1D-4AFF-899D-08D2B60BDAF9}.Release|Any CPU.ActiveCfg = Release|Any CPU
		{CCA00301-6E1D-4AFF-899D-08D2B60BDAF9}.Release|Any CPU.Build.0 = Release|Any CPU
	EndGlobalSection
	GlobalSection(SolutionProperties) = preSolution
		HideSolutionNode = FALSE
	EndGlobalSection
	GlobalSection(ExtensibilityGlobals) = postSolution
		SolutionGuid = {3E770521-772E-421E-BF5D-B6B9A47C209C}
	EndGlobalSection
EndGlobal
