
Microsoft Visual Studio Solution File, Format Version 12.00
# Visual Studio Version 16
VisualStudioVersion = 25.0.1703.0
MinimumVisualStudioVersion = 10.0.40219.1
Project("{FAE04EC0-301F-11D3-BF4B-00C04F79EFBC}") = "ShapeDrawer", "ShapeDrawer.csproj", "{EDF613B9-069F-4C61-BB4F-2C44763099F5}"
EndProject
Global
	GlobalSection(SolutionConfigurationPlatforms) = preSolution
		Debug|Any CPU = Debug|Any CPU
		Release|Any CPU = Release|Any CPU
	EndGlobalSection
	GlobalSection(ProjectConfigurationPlatforms) = postSolution
		{EDF613B9-069F-4C61-BB4F-2C44763099F5}.Debug|Any CPU.ActiveCfg = Debug|Any CPU
		{EDF613B9-069F-4C61-BB4F-2C44763099F5}.Debug|Any CPU.Build.0 = Debug|Any CPU
		{EDF613B9-069F-4C61-BB4F-2C44763099F5}.Release|Any CPU.ActiveCfg = Release|Any CPU
		{EDF613B9-069F-4C61-BB4F-2C44763099F5}.Release|Any CPU.Build.0 = Release|Any CPU
	EndGlobalSection
	GlobalSection(SolutionProperties) = preSolution
		HideSolutionNode = FALSE
	EndGlobalSection
	GlobalSection(ExtensibilityGlobals) = postSolution
		SolutionGuid = {EB708DD6-5E56-4B11-B4BE-950A667C84C7}
	EndGlobalSection
EndGlobal
