
Microsoft Visual Studio Solution File, Format Version 12.00
# Visual Studio Version 16
VisualStudioVersion = 25.0.1703.0
MinimumVisualStudioVersion = 10.0.40219.1
Project("{FAE04EC0-301F-11D3-BF4B-00C04F79EFBC}") = "HelloWorld", "HelloWorld\HelloWorld.csproj", "{AAD486F4-00BE-4CEA-A10D-EC5F776BC7C0}"
EndProject
Global
	GlobalSection(SolutionConfigurationPlatforms) = preSolution
		Debug|Any CPU = Debug|Any CPU
		Release|Any CPU = Release|Any CPU
	EndGlobalSection
	GlobalSection(ProjectConfigurationPlatforms) = postSolution
		{AAD486F4-00BE-4CEA-A10D-EC5F776BC7C0}.Debug|Any CPU.ActiveCfg = Debug|Any CPU
		{AAD486F4-00BE-4CEA-A10D-EC5F776BC7C0}.Debug|Any CPU.Build.0 = Debug|Any CPU
		{AAD486F4-00BE-4CEA-A10D-EC5F776BC7C0}.Release|Any CPU.ActiveCfg = Release|Any CPU
		{AAD486F4-00BE-4CEA-A10D-EC5F776BC7C0}.Release|Any CPU.Build.0 = Release|Any CPU
	EndGlobalSection
	GlobalSection(SolutionProperties) = preSolution
		HideSolutionNode = FALSE
	EndGlobalSection
	GlobalSection(ExtensibilityGlobals) = postSolution
		SolutionGuid = {D77C7E4D-E125-4AD1-8EC8-59C3F58CBCC8}
	EndGlobalSection
EndGlobal
